
Microsoft Visual Studio Solution File, Format Version 12.00
# Visual Studio Version 17
VisualStudioVersion = 17.4.33205.214
MinimumVisualStudioVersion = 15.0.26124.0
Project("{2150E333-8FDC-42A3-9474-1A3956D46DE8}") = "src", "src", "{B5BA0B59-8D91-4F07-8090-34BDE097EFC9}"
EndProject
Project("{9A19103F-16F7-4668-BE54-9A1E7A4F7556}") = "SimpleTennisBookings.Web", "1. SimpleTennisBookings\src\SimpleTennisBookings.Web\SimpleTennisBookings.Web.csproj", "{74A1EEEE-6FB1-482E-98AD-C1BC19078448}"
EndProject
Project("{2150E333-8FDC-42A3-9474-1A3956D46DE8}") = "test", "test", "{78B53578-C0E1-4D39-836A-F5C534421AE9}"
EndProject
Project("{9A19103F-16F7-4668-BE54-9A1E7A4F7556}") = "SimpleTennisBookings.Web.Tests", "1. SimpleTennisBookings\test\SimpleTennisBookings.Web.Tests\SimpleTennisBookings.Web.Tests.csproj", "{F622D178-CE8F-48B3-A73A-AB68FB5C3B8A}"
EndProject
Project("{2150E333-8FDC-42A3-9474-1A3956D46DE8}") = "1. SimpleTennisBookings", "1. SimpleTennisBookings", "{004996DC-E465-4D90-8580-F179E8B7E3B5}"
EndProject
Project("{2150E333-8FDC-42A3-9474-1A3956D46DE8}") = "2. LifetimeDemonstration", "2. LifetimeDemonstration", "{034587CF-BE39-452A-9809-21EBFA24F607}"
EndProject
Project("{9A19103F-16F7-4668-BE54-9A1E7A4F7556}") = "LifetimeDemonstration.Web", "2. LifetimeDemonstration\LifetimeDemonstration.Web.csproj", "{C28BF85F-9378-4696-9781-7008B1A20E7F}"
EndProject
Project("{2150E333-8FDC-42A3-9474-1A3956D46DE8}") = "3. TennisBookings", "3. TennisBookings", "{7302EFEE-C945-4857-B57D-DE652E5F1ED3}"
EndProject
Project("{9A19103F-16F7-4668-BE54-9A1E7A4F7556}") = "TennisBookings.Web", "3. TennisBookings\src\TennisBookings.Web\TennisBookings.Web.csproj", "{6AB0001E-0298-4ECE-B2EE-B717892366D4}"
EndProject
Project("{9A19103F-16F7-4668-BE54-9A1E7A4F7556}") = "WeatherService.Api", "3. TennisBookings\src\WeatherService.Api\WeatherService.Api.csproj", "{DF5D4391-442B-432D-A6E8-00BD154BA3CB}"
EndProject
Project("{2150E333-8FDC-42A3-9474-1A3956D46DE8}") = "Solution Items", "Solution Items", "{EC9323C1-858A-40B7-8D5E-4A875936A55D}"
	ProjectSection(SolutionItems) = preProject
		.gitattributes = .gitattributes
		.gitignore = .gitignore
		README.md = README.md
	EndProjectSection
EndProject
Global
	GlobalSection(SolutionConfigurationPlatforms) = preSolution
		Debug|Any CPU = Debug|Any CPU
		Debug|x64 = Debug|x64
		Debug|x86 = Debug|x86
		Release|Any CPU = Release|Any CPU
		Release|x64 = Release|x64
		Release|x86 = Release|x86
	EndGlobalSection
	GlobalSection(ProjectConfigurationPlatforms) = postSolution
		{74A1EEEE-6FB1-482E-98AD-C1BC19078448}.Debug|Any CPU.ActiveCfg = Debug|Any CPU
		{74A1EEEE-6FB1-482E-98AD-C1BC19078448}.Debug|Any CPU.Build.0 = Debug|Any CPU
		{74A1EEEE-6FB1-482E-98AD-C1BC19078448}.Debug|x64.ActiveCfg = Debug|Any CPU
		{74A1EEEE-6FB1-482E-98AD-C1BC19078448}.Debug|x64.Build.0 = Debug|Any CPU
		{74A1EEEE-6FB1-482E-98AD-C1BC19078448}.Debug|x86.ActiveCfg = Debug|Any CPU
		{74A1EEEE-6FB1-482E-98AD-C1BC19078448}.Debug|x86.Build.0 = Debug|Any CPU
		{74A1EEEE-6FB1-482E-98AD-C1BC19078448}.Release|Any CPU.ActiveCfg = Release|Any CPU
		{74A1EEEE-6FB1-482E-98AD-C1BC19078448}.Release|Any CPU.Build.0 = Release|Any CPU
		{74A1EEEE-6FB1-482E-98AD-C1BC19078448}.Release|x64.ActiveCfg = Release|Any CPU
		{74A1EEEE-6FB1-482E-98AD-C1BC19078448}.Release|x64.Build.0 = Release|Any CPU
		{74A1EEEE-6FB1-482E-98AD-C1BC19078448}.Release|x86.ActiveCfg = Release|Any CPU
		{74A1EEEE-6FB1-482E-98AD-C1BC19078448}.Release|x86.Build.0 = Release|Any CPU
		{F622D178-CE8F-48B3-A73A-AB68FB5C3B8A}.Debug|Any CPU.ActiveCfg = Debug|Any CPU
		{F622D178-CE8F-48B3-A73A-AB68FB5C3B8A}.Debug|Any CPU.Build.0 = Debug|Any CPU
		{F622D178-CE8F-48B3-A73A-AB68FB5C3B8A}.Debug|x64.ActiveCfg = Debug|Any CPU
		{F622D178-CE8F-48B3-A73A-AB68FB5C3B8A}.Debug|x64.Build.0 = Debug|Any CPU
		{F622D178-CE8F-48B3-A73A-AB68FB5C3B8A}.Debug|x86.ActiveCfg = Debug|Any CPU
		{F622D178-CE8F-48B3-A73A-AB68FB5C3B8A}.Debug|x86.Build.0 = Debug|Any CPU
		{F622D178-CE8F-48B3-A73A-AB68FB5C3B8A}.Release|Any CPU.ActiveCfg = Release|Any CPU
		{F622D178-CE8F-48B3-A73A-AB68FB5C3B8A}.Release|Any CPU.Build.0 = Release|Any CPU
		{F622D178-CE8F-48B3-A73A-AB68FB5C3B8A}.Release|x64.ActiveCfg = Release|Any CPU
		{F622D178-CE8F-48B3-A73A-AB68FB5C3B8A}.Release|x64.Build.0 = Release|Any CPU
		{F622D178-CE8F-48B3-A73A-AB68FB5C3B8A}.Release|x86.ActiveCfg = Release|Any CPU
		{F622D178-CE8F-48B3-A73A-AB68FB5C3B8A}.Release|x86.Build.0 = Release|Any CPU
		{C28BF85F-9378-4696-9781-7008B1A20E7F}.Debug|Any CPU.ActiveCfg = Debug|Any CPU
		{C28BF85F-9378-4696-9781-7008B1A20E7F}.Debug|Any CPU.Build.0 = Debug|Any CPU
		{C28BF85F-9378-4696-9781-7008B1A20E7F}.Debug|x64.ActiveCfg = Debug|Any CPU
		{C28BF85F-9378-4696-9781-7008B1A20E7F}.Debug|x64.Build.0 = Debug|Any CPU
		{C28BF85F-9378-4696-9781-7008B1A20E7F}.Debug|x86.ActiveCfg = Debug|Any CPU
		{C28BF85F-9378-4696-9781-7008B1A20E7F}.Debug|x86.Build.0 = Debug|Any CPU
		{C28BF85F-9378-4696-9781-7008B1A20E7F}.Release|Any CPU.ActiveCfg = Release|Any CPU
		{C28BF85F-9378-4696-9781-7008B1A20E7F}.Release|Any CPU.Build.0 = Release|Any CPU
		{C28BF85F-9378-4696-9781-7008B1A20E7F}.Release|x64.ActiveCfg = Release|Any CPU
		{C28BF85F-9378-4696-9781-7008B1A20E7F}.Release|x64.Build.0 = Release|Any CPU
		{C28BF85F-9378-4696-9781-7008B1A20E7F}.Release|x86.ActiveCfg = Release|Any CPU
		{C28BF85F-9378-4696-9781-7008B1A20E7F}.Release|x86.Build.0 = Release|Any CPU
		{6AB0001E-0298-4ECE-B2EE-B717892366D4}.Debug|Any CPU.ActiveCfg = Debug|Any CPU
		{6AB0001E-0298-4ECE-B2EE-B717892366D4}.Debug|Any CPU.Build.0 = Debug|Any CPU
		{6AB0001E-0298-4ECE-B2EE-B717892366D4}.Debug|x64.ActiveCfg = Debug|Any CPU
		{6AB0001E-0298-4ECE-B2EE-B717892366D4}.Debug|x64.Build.0 = Debug|Any CPU
		{6AB0001E-0298-4ECE-B2EE-B717892366D4}.Debug|x86.ActiveCfg = Debug|Any CPU
		{6AB0001E-0298-4ECE-B2EE-B717892366D4}.Debug|x86.Build.0 = Debug|Any CPU
		{6AB0001E-0298-4ECE-B2EE-B717892366D4}.Release|Any CPU.ActiveCfg = Release|Any CPU
		{6AB0001E-0298-4ECE-B2EE-B717892366D4}.Release|Any CPU.Build.0 = Release|Any CPU
		{6AB0001E-0298-4ECE-B2EE-B717892366D4}.Release|x64.ActiveCfg = Release|Any CPU
		{6AB0001E-0298-4ECE-B2EE-B717892366D4}.Release|x64.Build.0 = Release|Any CPU
		{6AB0001E-0298-4ECE-B2EE-B717892366D4}.Release|x86.ActiveCfg = Release|Any CPU
		{6AB0001E-0298-4ECE-B2EE-B717892366D4}.Release|x86.Build.0 = Release|Any CPU
		{DF5D4391-442B-432D-A6E8-00BD154BA3CB}.Debug|Any CPU.ActiveCfg = Debug|Any CPU
		{DF5D4391-442B-432D-A6E8-00BD154BA3CB}.Debug|Any CPU.Build.0 = Debug|Any CPU
		{DF5D4391-442B-432D-A6E8-00BD154BA3CB}.Debug|x64.ActiveCfg = Debug|Any CPU
		{DF5D4391-442B-432D-A6E8-00BD154BA3CB}.Debug|x64.Build.0 = Debug|Any CPU
		{DF5D4391-442B-432D-A6E8-00BD154BA3CB}.Debug|x86.ActiveCfg = Debug|Any CPU
		{DF5D4391-442B-432D-A6E8-00BD154BA3CB}.Debug|x86.Build.0 = Debug|Any CPU
		{DF5D4391-442B-432D-A6E8-00BD154BA3CB}.Release|Any CPU.ActiveCfg = Release|Any CPU
		{DF5D4391-442B-432D-A6E8-00BD154BA3CB}.Release|Any CPU.Build.0 = Release|Any CPU
		{DF5D4391-442B-432D-A6E8-00BD154BA3CB}.Release|x64.ActiveCfg = Release|Any CPU
		{DF5D4391-442B-432D-A6E8-00BD154BA3CB}.Release|x64.Build.0 = Release|Any CPU
		{DF5D4391-442B-432D-A6E8-00BD154BA3CB}.Release|x86.ActiveCfg = Release|Any CPU
		{DF5D4391-442B-432D-A6E8-00BD154BA3CB}.Release|x86.Build.0 = Release|Any CPU
	EndGlobalSection
	GlobalSection(SolutionProperties) = preSolution
		HideSolutionNode = FALSE
	EndGlobalSection
	GlobalSection(NestedProjects) = preSolution
		{B5BA0B59-8D91-4F07-8090-34BDE097EFC9} = {004996DC-E465-4D90-8580-F179E8B7E3B5}
		{74A1EEEE-6FB1-482E-98AD-C1BC19078448} = {B5BA0B59-8D91-4F07-8090-34BDE097EFC9}
		{78B53578-C0E1-4D39-836A-F5C534421AE9} = {004996DC-E465-4D90-8580-F179E8B7E3B5}
		{F622D178-CE8F-48B3-A73A-AB68FB5C3B8A} = {78B53578-C0E1-4D39-836A-F5C534421AE9}
		{C28BF85F-9378-4696-9781-7008B1A20E7F} = {034587CF-BE39-452A-9809-21EBFA24F607}
		{6AB0001E-0298-4ECE-B2EE-B717892366D4} = {7302EFEE-C945-4857-B57D-DE652E5F1ED3}
		{DF5D4391-442B-432D-A6E8-00BD154BA3CB} = {7302EFEE-C945-4857-B57D-DE652E5F1ED3}
	EndGlobalSection
	GlobalSection(ExtensibilityGlobals) = postSolution
		SolutionGuid = {D5DF27DD-3C63-4B2E-9975-6484A667B6E5}
	EndGlobalSection
EndGlobal
